
Microsoft Visual Studio Solution File, Format Version 12.00
# Visual Studio 15
VisualStudioVersion = 15.0.28307.421
MinimumVisualStudioVersion = 10.0.40219.1
Project("{FAE04EC0-301F-11D3-BF4B-00C04F79EFBC}") = "ManagerHR", "ManagerHR\ManagerHR.csproj", "{82449105-02AB-44AD-8E9A-9CAD50B7FC57}"
EndProject
Global
	GlobalSection(SolutionConfigurationPlatforms) = preSolution
		Debug|Any CPU = Debug|Any CPU
		Release|Any CPU = Release|Any CPU
	EndGlobalSection
	GlobalSection(ProjectConfigurationPlatforms) = postSolution
		{82449105-02AB-44AD-8E9A-9CAD50B7FC57}.Debug|Any CPU.ActiveCfg = Debug|Any CPU
		{82449105-02AB-44AD-8E9A-9CAD50B7FC57}.Debug|Any CPU.Build.0 = Debug|Any CPU
		{82449105-02AB-44AD-8E9A-9CAD50B7FC57}.Release|Any CPU.ActiveCfg = Release|Any CPU
		{82449105-02AB-44AD-8E9A-9CAD50B7FC57}.Release|Any CPU.Build.0 = Release|Any CPU
	EndGlobalSection
	GlobalSection(SolutionProperties) = preSolution
		HideSolutionNode = FALSE
	EndGlobalSection
	GlobalSection(ExtensibilityGlobals) = postSolution
		SolutionGuid = {FAE8831B-3F21-418F-85BE-8E37C7458D9E}
	EndGlobalSection
EndGlobal
